// !$*UTF8*$!
{
	archiveVersion = 1;
	classes = {
	};
	objectVersion = 50;
	objects = {

/* Begin PBXBuildFile section */
		1BEC16AC25A3BABD0051DC6C /* webappApp.swift in Sources */ = {isa = PBXBuildFile; fileRef = 1BEC16AB25A3BABD0051DC6C /* webappApp.swift */; };
		1BEC16AE25A3BABD0051DC6C /* ContentView.swift in Sources */ = {isa = PBXBuildFile; fileRef = 1BEC16AD25A3BABD0051DC6C /* ContentView.swift */; };
		1BEC16B025A3BABD0051DC6C /* Assets.xcassets in Resources */ = {isa = PBXBuildFile; fileRef = 1BEC16AF25A3BABD0051DC6C /* Assets.xcassets */; };
		1BEC16B325A3BABD0051DC6C /* Preview Assets.xcassets in Resources */ = {isa = PBXBuildFile; fileRef = 1BEC16B225A3BABD0051DC6C /* Preview Assets.xcassets */; };
		1BEC16BE25A3BABD0051DC6C /* webappTests.swift in Sources */ = {isa = PBXBuildFile; fileRef = 1BEC16BD25A3BABD0051DC6C /* webappTests.swift */; };
		1BEC16C925A3BABE0051DC6C /* webappUITests.swift in Sources */ = {isa = PBXBuildFile; fileRef = 1BEC16C825A3BABE0051DC6C /* webappUITests.swift */; };
/* End PBXBuildFile section */

/* Begin PBXContainerItemProxy section */
		1BEC16BA25A3BABD0051DC6C /* PBXContainerItemProxy */ = {
			isa = PBXContainerItemProxy;
			containerPortal = 1BEC16A025A3BABC0051DC6C /* Project object */;
			proxyType = 1;
			remoteGlobalIDString = 1BEC16A725A3BABD0051DC6C;
			remoteInfo = webapp;
		};
		1BEC16C525A3BABE0051DC6C /* PBXContainerItemProxy */ = {
			isa = PBXContainerItemProxy;
			containerPortal = 1BEC16A025A3BABC0051DC6C /* Project object */;
			proxyType = 1;
			remoteGlobalIDString = 1BEC16A725A3BABD0051DC6C;
			remoteInfo = webapp;
		};
/* End PBXContainerItemProxy section */

/* Begin PBXFileReference section */
		1BEC16A825A3BABD0051DC6C /* webapp.app */ = {isa = PBXFileReference; explicitFileType = wrapper.application; includeInIndex = 0; path = webapp.app; sourceTree = BUILT_PRODUCTS_DIR; };
		1BEC16AB25A3BABD0051DC6C /* webappApp.swift */ = {isa = PBXFileReference; lastKnownFileType = sourcecode.swift; path = webappApp.swift; sourceTree = "<group>"; };
		1BEC16AD25A3BABD0051DC6C /* ContentView.swift */ = {isa = PBXFileReference; lastKnownFileType = sourcecode.swift; path = ContentView.swift; sourceTree = "<group>"; };
		1BEC16AF25A3BABD0051DC6C /* Assets.xcassets */ = {isa = PBXFileReference; lastKnownFileType = folder.assetcatalog; path = Assets.xcassets; sourceTree = "<group>"; };
		1BEC16B225A3BABD0051DC6C /* Preview Assets.xcassets */ = {isa = PBXFileReference; lastKnownFileType = folder.assetcatalog; path = "Preview Assets.xcassets"; sourceTree = "<group>"; };
		1BEC16B425A3BABD0051DC6C /* Info.plist */ = {isa = PBXFileReference; lastKnownFileType = text.plist.xml; path = Info.plist; sourceTree = "<group>"; };
		1BEC16B925A3BABD0051DC6C /* webappTests.xctest */ = {isa = PBXFileReference; explicitFileType = wrapper.cfbundle; includeInIndex = 0; path = webappTests.xctest; sourceTree = BUILT_PRODUCTS_DIR; };
		1BEC16BD25A3BABD0051DC6C /* webappTests.swift */ = {isa = PBXFileReference; lastKnownFileType = sourcecode.swift; path = webappTests.swift; sourceTree = "<group>"; };
		1BEC16BF25A3BABE0051DC6C /* Info.plist */ = {isa = PBXFileReference; lastKnownFileType = text.plist.xml; path = Info.plist; sourceTree = "<group>"; };
		1BEC16C425A3BABE0051DC6C /* webappUITests.xctest */ = {isa = PBXFileReference; explicitFileType = wrapper.cfbundle; includeInIndex = 0; path = webappUITests.xctest; sourceTree = BUILT_PRODUCTS_DIR; };
		1BEC16C825A3BABE0051DC6C /* webappUITests.swift */ = {isa = PBXFileReference; lastKnownFileType = sourcecode.swift; path = webappUITests.swift; sourceTree = "<group>"; };
		1BEC16CA25A3BABE0051DC6C /* Info.plist */ = {isa = PBXFileReference; lastKnownFileType = text.plist.xml; path = Info.plist; sourceTree = "<group>"; };
/* End PBXFileReference section */

/* Begin PBXFrameworksBuildPhase section */
		1BEC16A525A3BABD0051DC6C /* Frameworks */ = {
			isa = PBXFrameworksBuildPhase;
			buildActionMask = 2147483647;
			files = (
			);
			runOnlyForDeploymentPostprocessing = 0;
		};
		1BEC16B625A3BABD0051DC6C /* Frameworks */ = {
			isa = PBXFrameworksBuildPhase;
			buildActionMask = 2147483647;
			files = (
			);
			runOnlyForDeploymentPostprocessing = 0;
		};
		1BEC16C125A3BABE0051DC6C /* Frameworks */ = {
			isa = PBXFrameworksBuildPhase;
			buildActionMask = 2147483647;
			files = (
			);
			runOnlyForDeploymentPostprocessing = 0;
		};
/* End PBXFrameworksBuildPhase section */

/* Begin PBXGroup section */
		1BEC169F25A3BABC0051DC6C = {
			isa = PBXGroup;
			children = (
				1BEC16AA25A3BABD0051DC6C /* webapp */,
				1BEC16BC25A3BABD0051DC6C /* webappTests */,
				1BEC16C725A3BABE0051DC6C /* webappUITests */,
				1BEC16A925A3BABD0051DC6C /* Products */,
			);
			sourceTree = "<group>";
		};
		1BEC16A925A3BABD0051DC6C /* Products */ = {
			isa = PBXGroup;
			children = (
				1BEC16A825A3BABD0051DC6C /* webapp.app */,
				1BEC16B925A3BABD0051DC6C /* webappTests.xctest */,
				1BEC16C425A3BABE0051DC6C /* webappUITests.xctest */,
			);
			name = Products;
			sourceTree = "<group>";
		};
		1BEC16AA25A3BABD0051DC6C /* webapp */ = {
			isa = PBXGroup;
			children = (
				1BEC16AB25A3BABD0051DC6C /* webappApp.swift */,
				1BEC16AD25A3BABD0051DC6C /* ContentView.swift */,
				1BEC16AF25A3BABD0051DC6C /* Assets.xcassets */,
				1BEC16B425A3BABD0051DC6C /* Info.plist */,
				1BEC16B125A3BABD0051DC6C /* Preview Content */,
			);
			path = webapp;
			sourceTree = "<group>";
		};
		1BEC16B125A3BABD0051DC6C /* Preview Content */ = {
			isa = PBXGroup;
			children = (
				1BEC16B225A3BABD0051DC6C /* Preview Assets.xcassets */,
			);
			path = "Preview Content";
			sourceTree = "<group>";
		};
		1BEC16BC25A3BABD0051DC6C /* webappTests */ = {
			isa = PBXGroup;
			children = (
				1BEC16BD25A3BABD0051DC6C /* webappTests.swift */,
				1BEC16BF25A3BABE0051DC6C /* Info.plist */,
			);
			path = webappTests;
			sourceTree = "<group>";
		};
		1BEC16C725A3BABE0051DC6C /* webappUITests */ = {
			isa = PBXGroup;
			children = (
				1BEC16C825A3BABE0051DC6C /* webappUITests.swift */,
				1BEC16CA25A3BABE0051DC6C /* Info.plist */,
			);
			path = webappUITests;
			sourceTree = "<group>";
		};
/* End PBXGroup section */

/* Begin PBXNativeTarget section */
		1BEC16A725A3BABD0051DC6C /* webapp */ = {
			isa = PBXNativeTarget;
			buildConfigurationList = 1BEC16CD25A3BABE0051DC6C /* Build configuration list for PBXNativeTarget "webapp" */;
			buildPhases = (
				1BEC16A425A3BABD0051DC6C /* Sources */,
				1BEC16A525A3BABD0051DC6C /* Frameworks */,
				1BEC16A625A3BABD0051DC6C /* Resources */,
			);
			buildRules = (
			);
			dependencies = (
			);
			name = webapp;
			productName = webapp;
			productReference = 1BEC16A825A3BABD0051DC6C /* webapp.app */;
			productType = "com.apple.product-type.application";
		};
		1BEC16B825A3BABD0051DC6C /* webappTests */ = {
			isa = PBXNativeTarget;
			buildConfigurationList = 1BEC16D025A3BABE0051DC6C /* Build configuration list for PBXNativeTarget "webappTests" */;
			buildPhases = (
				1BEC16B525A3BABD0051DC6C /* Sources */,
				1BEC16B625A3BABD0051DC6C /* Frameworks */,
				1BEC16B725A3BABD0051DC6C /* Resources */,
			);
			buildRules = (
			);
			dependencies = (
				1BEC16BB25A3BABD0051DC6C /* PBXTargetDependency */,
			);
			name = webappTests;
			productName = webappTests;
			productReference = 1BEC16B925A3BABD0051DC6C /* webappTests.xctest */;
			productType = "com.apple.product-type.bundle.unit-test";
		};
		1BEC16C325A3BABE0051DC6C /* webappUITests */ = {
			isa = PBXNativeTarget;
			buildConfigurationList = 1BEC16D325A3BABE0051DC6C /* Build configuration list for PBXNativeTarget "webappUITests" */;
			buildPhases = (
				1BEC16C025A3BABE0051DC6C /* Sources */,
				1BEC16C125A3BABE0051DC6C /* Frameworks */,
				1BEC16C225A3BABE0051DC6C /* Resources */,
			);
			buildRules = (
			);
			dependencies = (
				1BEC16C625A3BABE0051DC6C /* PBXTargetDependency */,
			);
			name = webappUITests;
			productName = webappUITests;
			productReference = 1BEC16C425A3BABE0051DC6C /* webappUITests.xctest */;
			productType = "com.apple.product-type.bundle.ui-testing";
		};
/* End PBXNativeTarget section */

/* Begin PBXProject section */
		1BEC16A025A3BABC0051DC6C /* Project object */ = {
			isa = PBXProject;
			attributes = {
				LastSwiftUpdateCheck = 1230;
				LastUpgradeCheck = 1230;
				TargetAttributes = {
					1BEC16A725A3BABD0051DC6C = {
						CreatedOnToolsVersion = 12.3;
					};
					1BEC16B825A3BABD0051DC6C = {
						CreatedOnToolsVersion = 12.3;
						TestTargetID = 1BEC16A725A3BABD0051DC6C;
					};
					1BEC16C325A3BABE0051DC6C = {
						CreatedOnToolsVersion = 12.3;
						TestTargetID = 1BEC16A725A3BABD0051DC6C;
					};
				};
			};
			buildConfigurationList = 1BEC16A325A3BABC0051DC6C /* Build configuration list for PBXProject "webapp" */;
			compatibilityVersion = "Xcode 9.3";
			developmentRegion = en;
			hasScannedForEncodings = 0;
			knownRegions = (
				en,
				Base,
			);
			mainGroup = 1BEC169F25A3BABC0051DC6C;
			productRefGroup = 1BEC16A925A3BABD0051DC6C /* Products */;
			projectDirPath = "";
			projectRoot = "";
			targets = (
				1BEC16A725A3BABD0051DC6C /* webapp */,
				1BEC16B825A3BABD0051DC6C /* webappTests */,
				1BEC16C325A3BABE0051DC6C /* webappUITests */,
			);
		};
/* End PBXProject section */

/* Begin PBXResourcesBuildPhase section */
		1BEC16A625A3BABD0051DC6C /* Resources */ = {
			isa = PBXResourcesBuildPhase;
			buildActionMask = 2147483647;
			files = (
				1BEC16B325A3BABD0051DC6C /* Preview Assets.xcassets in Resources */,
				1BEC16B025A3BABD0051DC6C /* Assets.xcassets in Resources */,
			);
			runOnlyForDeploymentPostprocessing = 0;
		};
		1BEC16B725A3BABD0051DC6C /* Resources */ = {
			isa = PBXResourcesBuildPhase;
			buildActionMask = 2147483647;
			files = (
			);
			runOnlyForDeploymentPostprocessing = 0;
		};
		1BEC16C225A3BABE0051DC6C /* Resources */ = {
			isa = PBXResourcesBuildPhase;
			buildActionMask = 2147483647;
			files = (
			);
			runOnlyForDeploymentPostprocessing = 0;
		};
/* End PBXResourcesBuildPhase section */

/* Begin PBXSourcesBuildPhase section */
		1BEC16A425A3BABD0051DC6C /* Sources */ = {
			isa = PBXSourcesBuildPhase;
			buildActionMask = 2147483647;
			files = (
				1BEC16AE25A3BABD0051DC6C /* ContentView.swift in Sources */,
				1BEC16AC25A3BABD0051DC6C /* webappApp.swift in Sources */,
			);
			runOnlyForDeploymentPostprocessing = 0;
		};
		1BEC16B525A3BABD0051DC6C /* Sources */ = {
			isa = PBXSourcesBuildPhase;
			buildActionMask = 2147483647;
			files = (
				1BEC16BE25A3BABD0051DC6C /* webappTests.swift in Sources */,
			);
			runOnlyForDeploymentPostprocessing = 0;
		};
		1BEC16C025A3BABE0051DC6C /* Sources */ = {
			isa = PBXSourcesBuildPhase;
			buildActionMask = 2147483647;
			files = (
				1BEC16C925A3BABE0051DC6C /* webappUITests.swift in Sources */,
			);
			runOnlyForDeploymentPostprocessing = 0;
		};
/* End PBXSourcesBuildPhase section */

/* Begin PBXTargetDependency section */
		1BEC16BB25A3BABD0051DC6C /* PBXTargetDependency */ = {
			isa = PBXTargetDependency;
			target = 1BEC16A725A3BABD0051DC6C /* webapp */;
			targetProxy = 1BEC16BA25A3BABD0051DC6C /* PBXContainerItemProxy */;
		};
		1BEC16C625A3BABE0051DC6C /* PBXTargetDependency */ = {
			isa = PBXTargetDependency;
			target = 1BEC16A725A3BABD0051DC6C /* webapp */;
			targetProxy = 1BEC16C525A3BABE0051DC6C /* PBXContainerItemProxy */;
		};
/* End PBXTargetDependency section */

/* Begin XCBuildConfiguration section */
		1BEC16CB25A3BABE0051DC6C /* Debug */ = {
			isa = XCBuildConfiguration;
			buildSettings = {
				ALWAYS_SEARCH_USER_PATHS = NO;
				CLANG_ANALYZER_NONNULL = YES;
				CLANG_ANALYZER_NUMBER_OBJECT_CONVERSION = YES_AGGRESSIVE;
				CLANG_CXX_LANGUAGE_STANDARD = "gnu++14";
				CLANG_CXX_LIBRARY = "libc++";
				CLANG_ENABLE_MODULES = YES;
				CLANG_ENABLE_OBJC_ARC = YES;
				CLANG_ENABLE_OBJC_WEAK = YES;
				CLANG_WARN_BLOCK_CAPTURE_AUTORELEASING = YES;
				CLANG_WARN_BOOL_CONVERSION = YES;
				CLANG_WARN_COMMA = YES;
				CLANG_WARN_CONSTANT_CONVERSION = YES;
				CLANG_WARN_DEPRECATED_OBJC_IMPLEMENTATIONS = YES;
				CLANG_WARN_DIRECT_OBJC_ISA_USAGE = YES_ERROR;
				CLANG_WARN_DOCUMENTATION_COMMENTS = YES;
				CLANG_WARN_EMPTY_BODY = YES;
				CLANG_WARN_ENUM_CONVERSION = YES;
				CLANG_WARN_INFINITE_RECURSION = YES;
				CLANG_WARN_INT_CONVERSION = YES;
				CLANG_WARN_NON_LITERAL_NULL_CONVERSION = YES;
				CLANG_WARN_OBJC_IMPLICIT_RETAIN_SELF = YES;
				CLANG_WARN_OBJC_LITERAL_CONVERSION = YES;
				CLANG_WARN_OBJC_ROOT_CLASS = YES_ERROR;
				CLANG_WARN_QUOTED_INCLUDE_IN_FRAMEWORK_HEADER = YES;
				CLANG_WARN_RANGE_LOOP_ANALYSIS = YES;
				CLANG_WARN_STRICT_PROTOTYPES = YES;
				CLANG_WARN_SUSPICIOUS_MOVE = YES;
				CLANG_WARN_UNGUARDED_AVAILABILITY = YES_AGGRESSIVE;
				CLANG_WARN_UNREACHABLE_CODE = YES;
				CLANG_WARN__DUPLICATE_METHOD_MATCH = YES;
				COPY_PHASE_STRIP = NO;
				DEBUG_INFORMATION_FORMAT = dwarf;
				ENABLE_STRICT_OBJC_MSGSEND = YES;
				ENABLE_TESTABILITY = YES;
				GCC_C_LANGUAGE_STANDARD = gnu11;
				GCC_DYNAMIC_NO_PIC = NO;
				GCC_NO_COMMON_BLOCKS = YES;
				GCC_OPTIMIZATION_LEVEL = 0;
				GCC_PREPROCESSOR_DEFINITIONS = (
					"DEBUG=1",
					"$(inherited)",
				);
				GCC_WARN_64_TO_32_BIT_CONVERSION = YES;
				GCC_WARN_ABOUT_RETURN_TYPE = YES_ERROR;
				GCC_WARN_UNDECLARED_SELECTOR = YES;
				GCC_WARN_UNINITIALIZED_AUTOS = YES_AGGRESSIVE;
				GCC_WARN_UNUSED_FUNCTION = YES;
				GCC_WARN_UNUSED_VARIABLE = YES;
				IPHONEOS_DEPLOYMENT_TARGET = 14.3;
				MTL_ENABLE_DEBUG_INFO = INCLUDE_SOURCE;
				MTL_FAST_MATH = YES;
				ONLY_ACTIVE_ARCH = YES;
				SDKROOT = iphoneos;
				SWIFT_ACTIVE_COMPILATION_CONDITIONS = DEBUG;
				SWIFT_OPTIMIZATION_LEVEL = "-Onone";
			};
			name = Debug;
		};
		1BEC16CC25A3BABE0051DC6C /* Release */ = {
			isa = XCBuildConfiguration;
			buildSettings = {
				ALWAYS_SEARCH_USER_PATHS = NO;
				CLANG_ANALYZER_NONNULL = YES;
				CLANG_ANALYZER_NUMBER_OBJECT_CONVERSION = YES_AGGRESSIVE;
				CLANG_CXX_LANGUAGE_STANDARD = "gnu++14";
				CLANG_CXX_LIBRARY = "libc++";
				CLANG_ENABLE_MODULES = YES;
				CLANG_ENABLE_OBJC_ARC = YES;
				CLANG_ENABLE_OBJC_WEAK = YES;
				CLANG_WARN_BLOCK_CAPTURE_AUTORELEASING = YES;
				CLANG_WARN_BOOL_CONVERSION = YES;
				CLANG_WARN_COMMA = YES;
				CLANG_WARN_CONSTANT_CONVERSION = YES;
				CLANG_WARN_DEPRECATED_OBJC_IMPLEMENTATIONS = YES;
				CLANG_WARN_DIRECT_OBJC_ISA_USAGE = YES_ERROR;
				CLANG_WARN_DOCUMENTATION_COMMENTS = YES;
				CLANG_WARN_EMPTY_BODY = YES;
				CLANG_WARN_ENUM_CONVERSION = YES;
				CLANG_WARN_INFINITE_RECURSION = YES;
				CLANG_WARN_INT_CONVERSION = YES;
				CLANG_WARN_NON_LITERAL_NULL_CONVERSION = YES;
				CLANG_WARN_OBJC_IMPLICIT_RETAIN_SELF = YES;
				CLANG_WARN_OBJC_LITERAL_CONVERSION = YES;
				CLANG_WARN_OBJC_ROOT_CLASS = YES_ERROR;
				CLANG_WARN_QUOTED_INCLUDE_IN_FRAMEWORK_HEADER = YES;
				CLANG_WARN_RANGE_LOOP_ANALYSIS = YES;
				CLANG_WARN_STRICT_PROTOTYPES = YES;
				CLANG_WARN_SUSPICIOUS_MOVE = YES;
				CLANG_WARN_UNGUARDED_AVAILABILITY = YES_AGGRESSIVE;
				CLANG_WARN_UNREACHABLE_CODE = YES;
				CLANG_WARN__DUPLICATE_METHOD_MATCH = YES;
				COPY_PHASE_STRIP = NO;
				DEBUG_INFORMATION_FORMAT = "dwarf-with-dsym";
				ENABLE_NS_ASSERTIONS = NO;
				ENABLE_STRICT_OBJC_MSGSEND = YES;
				GCC_C_LANGUAGE_STANDARD = gnu11;
				GCC_NO_COMMON_BLOCKS = YES;
				GCC_WARN_64_TO_32_BIT_CONVERSION = YES;
				GCC_WARN_ABOUT_RETURN_TYPE = YES_ERROR;
				GCC_WARN_UNDECLARED_SELECTOR = YES;
				GCC_WARN_UNINITIALIZED_AUTOS = YES_AGGRESSIVE;
				GCC_WARN_UNUSED_FUNCTION = YES;
				GCC_WARN_UNUSED_VARIABLE = YES;
				IPHONEOS_DEPLOYMENT_TARGET = 14.3;
				MTL_ENABLE_DEBUG_INFO = NO;
				MTL_FAST_MATH = YES;
				SDKROOT = iphoneos;
				SWIFT_COMPILATION_MODE = wholemodule;
				SWIFT_OPTIMIZATION_LEVEL = "-O";
				VALIDATE_PRODUCT = YES;
			};
			name = Release;
		};
		1BEC16CE25A3BABE0051DC6C /* Debug */ = {
			isa = XCBuildConfiguration;
			buildSettings = {
				ASSETCATALOG_COMPILER_APPICON_NAME = AppIcon;
				ASSETCATALOG_COMPILER_GLOBAL_ACCENT_COLOR_NAME = AccentColor;
				CODE_SIGN_STYLE = Automatic;
				DEVELOPMENT_ASSET_PATHS = "\"webapp/Preview Content\"";
				ENABLE_PREVIEWS = YES;
				INFOPLIST_FILE = webapp/Info.plist;
				IPHONEOS_DEPLOYMENT_TARGET = 14.0;
				LD_RUNPATH_SEARCH_PATHS = (
					"$(inherited)",
					"@executable_path/Frameworks",
				);
				PRODUCT_BUNDLE_IDENTIFIER = aoki.webapp;
				PRODUCT_NAME = "$(TARGET_NAME)";
				SWIFT_VERSION = 5.0;
				TARGETED_DEVICE_FAMILY = "1,2";
			};
			name = Debug;
		};
		1BEC16CF25A3BABE0051DC6C /* Release */ = {
			isa = XCBuildConfiguration;
			buildSettings = {
				ASSETCATALOG_COMPILER_APPICON_NAME = AppIcon;
				ASSETCATALOG_COMPILER_GLOBAL_ACCENT_COLOR_NAME = AccentColor;
				CODE_SIGN_STYLE = Automatic;
				DEVELOPMENT_ASSET_PATHS = "\"webapp/Preview Content\"";
				ENABLE_PREVIEWS = YES;
				INFOPLIST_FILE = webapp/Info.plist;
				IPHONEOS_DEPLOYMENT_TARGET = 14.0;
				LD_RUNPATH_SEARCH_PATHS = (
					"$(inherited)",
					"@executable_path/Frameworks",
				);
				PRODUCT_BUNDLE_IDENTIFIER = aoki.webapp;
				PRODUCT_NAME = "$(TARGET_NAME)";
				SWIFT_VERSION = 5.0;
				TARGETED_DEVICE_FAMILY = "1,2";
			};
			name = Release;
		};
		1BEC16D125A3BABE0051DC6C /* Debug */ = {
			isa = XCBuildConfiguration;
			buildSettings = {
				ALWAYS_EMBED_SWIFT_STANDARD_LIBRARIES = YES;
				BUNDLE_LOADER = "$(TEST_HOST)";
				CODE_SIGN_STYLE = Automatic;
				INFOPLIST_FILE = webappTests/Info.plist;
				IPHONEOS_DEPLOYMENT_TARGET = 14.0;
				LD_RUNPATH_SEARCH_PATHS = (
					"$(inherited)",
					"@executable_path/Frameworks",
					"@loader_path/Frameworks",
				);
				PRODUCT_BUNDLE_IDENTIFIER = aoki.webappTests;
				PRODUCT_NAME = "$(TARGET_NAME)";
				SWIFT_VERSION = 5.0;
				TARGETED_DEVICE_FAMILY = "1,2";
				TEST_HOST = "$(BUILT_PRODUCTS_DIR)/webapp.app/webapp";
			};
			name = Debug;
		};
		1BEC16D225A3BABE0051DC6C /* Release */ = {
			isa = XCBuildConfiguration;
			buildSettings = {
				ALWAYS_EMBED_SWIFT_STANDARD_LIBRARIES = YES;
				BUNDLE_LOADER = "$(TEST_HOST)";
				CODE_SIGN_STYLE = Automatic;
				INFOPLIST_FILE = webappTests/Info.plist;
				IPHONEOS_DEPLOYMENT_TARGET = 14.0;
				LD_RUNPATH_SEARCH_PATHS = (
					"$(inherited)",
					"@executable_path/Frameworks",
					"@loader_path/Frameworks",
				);
				PRODUCT_BUNDLE_IDENTIFIER = aoki.webappTests;
				PRODUCT_NAME = "$(TARGET_NAME)";
				SWIFT_VERSION = 5.0;
				TARGETED_DEVICE_FAMILY = "1,2";
				TEST_HOST = "$(BUILT_PRODUCTS_DIR)/webapp.app/webapp";
			};
			name = Release;
		};
		1BEC16D425A3BABE0051DC6C /* Debug */ = {
			isa = XCBuildConfiguration;
			buildSettings = {
				ALWAYS_EMBED_SWIFT_STANDARD_LIBRARIES = YES;
				CODE_SIGN_STYLE = Automatic;
				INFOPLIST_FILE = webappUITests/Info.plist;
				LD_RUNPATH_SEARCH_PATHS = (
					"$(inherited)",
					"@executable_path/Frameworks",
					"@loader_path/Frameworks",
				);
				PRODUCT_BUNDLE_IDENTIFIER = aoki.webappUITests;
				PRODUCT_NAME = "$(TARGET_NAME)";
				SWIFT_VERSION = 5.0;
				TARGETED_DEVICE_FAMILY = "1,2";
				TEST_TARGET_NAME = webapp;
			};
			name = Debug;
		};
		1BEC16D525A3BABE0051DC6C /* Release */ = {
			isa = XCBuildConfiguration;
			buildSettings = {
				ALWAYS_EMBED_SWIFT_STANDARD_LIBRARIES = YES;
				CODE_SIGN_STYLE = Automatic;
				INFOPLIST_FILE = webappUITests/Info.plist;
				LD_RUNPATH_SEARCH_PATHS = (
					"$(inherited)",
					"@executable_path/Frameworks",
					"@loader_path/Frameworks",
				);
				PRODUCT_BUNDLE_IDENTIFIER = aoki.webappUITests;
				PRODUCT_NAME = "$(TARGET_NAME)";
				SWIFT_VERSION = 5.0;
				TARGETED_DEVICE_FAMILY = "1,2";
				TEST_TARGET_NAME = webapp;
			};
			name = Release;
		};
/* End XCBuildConfiguration section */

/* Begin XCConfigurationList section */
		1BEC16A325A3BABC0051DC6C /* Build configuration list for PBXProject "webapp" */ = {
			isa = XCConfigurationList;
			buildConfigurations = (
				1BEC16CB25A3BABE0051DC6C /* Debug */,
				1BEC16CC25A3BABE0051DC6C /* Release */,
			);
			defaultConfigurationIsVisible = 0;
			defaultConfigurationName = Release;
		};
		1BEC16CD25A3BABE0051DC6C /* Build configuration list for PBXNativeTarget "webapp" */ = {
			isa = XCConfigurationList;
			buildConfigurations = (
				1BEC16CE25A3BABE0051DC6C /* Debug */,
				1BEC16CF25A3BABE0051DC6C /* Release */,
			);
			defaultConfigurationIsVisible = 0;
			defaultConfigurationName = Release;
		};
		1BEC16D025A3BABE0051DC6C /* Build configuration list for PBXNativeTarget "webappTests" */ = {
			isa = XCConfigurationList;
			buildConfigurations = (
				1BEC16D125A3BABE0051DC6C /* Debug */,
				1BEC16D225A3BABE0051DC6C /* Release */,
			);
			defaultConfigurationIsVisible = 0;
			defaultConfigurationName = Release;
		};
		1BEC16D325A3BABE0051DC6C /* Build configuration list for PBXNativeTarget "webappUITests" */ = {
			isa = XCConfigurationList;
			buildConfigurations = (
				1BEC16D425A3BABE0051DC6C /* Debug */,
				1BEC16D525A3BABE0051DC6C /* Release */,
			);
			defaultConfigurationIsVisible = 0;
			defaultConfigurationName = Release;
		};
/* End XCConfigurationList section */
	};
	rootObject = 1BEC16A025A3BABC0051DC6C /* Project object */;
}
